
Microsoft Visual Studio Solution File, Format Version 12.00
# Visual Studio Version 16
VisualStudioVersion = 16.0.31624.102
MinimumVisualStudioVersion = 10.0.40219.1
Project("{9A19103F-16F7-4668-BE54-9A1E7A4F7556}") = "RejestrOsobowy", "RejestrOsobowy\RejestrOsobowy.csproj", "{7E941C1C-4641-4DB8-81DD-BDA7E0194E1F}"
EndProject
Project("{FAE04EC0-301F-11D3-BF4B-00C04F79EFBC}") = "InputValidator", "InputValidator\InputValidator.csproj", "{B3335E94-DD36-45CA-9816-7E228C8FD599}"
EndProject
Global
	GlobalSection(SolutionConfigurationPlatforms) = preSolution
		Debug|Any CPU = Debug|Any CPU
		Release|Any CPU = Release|Any CPU
	EndGlobalSection
	GlobalSection(ProjectConfigurationPlatforms) = postSolution
		{7E941C1C-4641-4DB8-81DD-BDA7E0194E1F}.Debug|Any CPU.ActiveCfg = Debug|Any CPU
		{7E941C1C-4641-4DB8-81DD-BDA7E0194E1F}.Debug|Any CPU.Build.0 = Debug|Any CPU
		{7E941C1C-4641-4DB8-81DD-BDA7E0194E1F}.Release|Any CPU.ActiveCfg = Release|Any CPU
		{7E941C1C-4641-4DB8-81DD-BDA7E0194E1F}.Release|Any CPU.Build.0 = Release|Any CPU
		{B3335E94-DD36-45CA-9816-7E228C8FD599}.Debug|Any CPU.ActiveCfg = Debug|Any CPU
		{B3335E94-DD36-45CA-9816-7E228C8FD599}.Debug|Any CPU.Build.0 = Debug|Any CPU
		{B3335E94-DD36-45CA-9816-7E228C8FD599}.Release|Any CPU.ActiveCfg = Release|Any CPU
		{B3335E94-DD36-45CA-9816-7E228C8FD599}.Release|Any CPU.Build.0 = Release|Any CPU
	EndGlobalSection
	GlobalSection(SolutionProperties) = preSolution
		HideSolutionNode = FALSE
	EndGlobalSection
	GlobalSection(ExtensibilityGlobals) = postSolution
		SolutionGuid = {632CB099-DB74-4A74-88E3-C8E73BB583FD}
	EndGlobalSection
EndGlobal
